// !$*UTF8*$!
{
	archiveVersion = 1;
	classes = {
	};
	objectVersion = 51;
	objects = {

/* Begin PBXBuildFile section */
		4904E386245134D200065AAE /* UITextField.swift in Sources */ = {isa = PBXBuildFile; fileRef = 4904E385245134D200065AAE /* UITextField.swift */; };
		4904E3892451483C00065AAE /* HeaderProfile.swift in Sources */ = {isa = PBXBuildFile; fileRef = 4904E3882451483C00065AAE /* HeaderProfile.swift */; };
		4904E38B245148E700065AAE /* HeaderProfile.xib in Resources */ = {isa = PBXBuildFile; fileRef = 4904E38A245148E700065AAE /* HeaderProfile.xib */; };
		490ECAAA244FFACB003FE804 /* AppDelegate.swift in Sources */ = {isa = PBXBuildFile; fileRef = 490ECAA9244FFACB003FE804 /* AppDelegate.swift */; };
		490ECAAC244FFACB003FE804 /* SceneDelegate.swift in Sources */ = {isa = PBXBuildFile; fileRef = 490ECAAB244FFACB003FE804 /* SceneDelegate.swift */; };
		490ECAAE244FFACB003FE804 /* HomeVC.swift in Sources */ = {isa = PBXBuildFile; fileRef = 490ECAAD244FFACB003FE804 /* HomeVC.swift */; };
		490ECAB3244FFAD0003FE804 /* Assets.xcassets in Resources */ = {isa = PBXBuildFile; fileRef = 490ECAB2244FFAD0003FE804 /* Assets.xcassets */; };
		490ECAB6244FFAD0003FE804 /* LaunchScreen.storyboard in Resources */ = {isa = PBXBuildFile; fileRef = 490ECAB4244FFAD0003FE804 /* LaunchScreen.storyboard */; };
		490ECAC1244FFAD0003FE804 /* ceiba_testTests.swift in Sources */ = {isa = PBXBuildFile; fileRef = 490ECAC0244FFAD0003FE804 /* ceiba_testTests.swift */; };
		490ECACC244FFAD0003FE804 /* ceiba_testUITests.swift in Sources */ = {isa = PBXBuildFile; fileRef = 490ECACB244FFAD0003FE804 /* ceiba_testUITests.swift */; };
		490ECAE724500991003FE804 /* user-8.json in Resources */ = {isa = PBXBuildFile; fileRef = 490ECADD24500990003FE804 /* user-8.json */; };
		490ECAE824500991003FE804 /* user-1.json in Resources */ = {isa = PBXBuildFile; fileRef = 490ECADE24500990003FE804 /* user-1.json */; };
		490ECAE924500991003FE804 /* user-4.json in Resources */ = {isa = PBXBuildFile; fileRef = 490ECADF24500990003FE804 /* user-4.json */; };
		490ECAEA24500991003FE804 /* user-2.json in Resources */ = {isa = PBXBuildFile; fileRef = 490ECAE024500990003FE804 /* user-2.json */; };
		490ECAEB24500991003FE804 /* user-10.json in Resources */ = {isa = PBXBuildFile; fileRef = 490ECAE124500990003FE804 /* user-10.json */; };
		490ECAEC24500991003FE804 /* user-5.json in Resources */ = {isa = PBXBuildFile; fileRef = 490ECAE224500990003FE804 /* user-5.json */; };
		490ECAED24500991003FE804 /* user-9.json in Resources */ = {isa = PBXBuildFile; fileRef = 490ECAE324500990003FE804 /* user-9.json */; };
		490ECAEE24500991003FE804 /* user-3.json in Resources */ = {isa = PBXBuildFile; fileRef = 490ECAE424500990003FE804 /* user-3.json */; };
		490ECAEF24500991003FE804 /* user-7.json in Resources */ = {isa = PBXBuildFile; fileRef = 490ECAE524500990003FE804 /* user-7.json */; };
		490ECAF024500991003FE804 /* user-6.json in Resources */ = {isa = PBXBuildFile; fileRef = 490ECAE624500991003FE804 /* user-6.json */; };
		490ECAF224500A3F003FE804 /* Main.storyboard in Resources */ = {isa = PBXBuildFile; fileRef = 490ECAF124500A3F003FE804 /* Main.storyboard */; };
		490ECAF8245011B1003FE804 /* HomeItemTableViewCell.swift in Sources */ = {isa = PBXBuildFile; fileRef = 490ECAF6245011B1003FE804 /* HomeItemTableViewCell.swift */; };
		490ECAF9245011B1003FE804 /* HomeItemTableViewCell.xib in Resources */ = {isa = PBXBuildFile; fileRef = 490ECAF7245011B1003FE804 /* HomeItemTableViewCell.xib */; };
		490ECAFB245011D5003FE804 /* Lottie.swift in Sources */ = {isa = PBXBuildFile; fileRef = 490ECAFA245011D5003FE804 /* Lottie.swift */; };
		490ECAFD245011E4003FE804 /* Lottie.xib in Resources */ = {isa = PBXBuildFile; fileRef = 490ECAFC245011E4003FE804 /* Lottie.xib */; };
		490ECAFF245024AD003FE804 /* UserModel.swift in Sources */ = {isa = PBXBuildFile; fileRef = 490ECAFE245024AD003FE804 /* UserModel.swift */; };
		490ECB022450254C003FE804 /* HttpManager.swift in Sources */ = {isa = PBXBuildFile; fileRef = 490ECB012450254C003FE804 /* HttpManager.swift */; };
		490ECB0424502A3D003FE804 /* UserViewModel.swift in Sources */ = {isa = PBXBuildFile; fileRef = 490ECB0324502A3D003FE804 /* UserViewModel.swift */; };
		490ECB07245031A9003FE804 /* UIView.swift in Sources */ = {isa = PBXBuildFile; fileRef = 490ECB06245031A9003FE804 /* UIView.swift */; };
		490ECB09245035A5003FE804 /* MKMapView.swift in Sources */ = {isa = PBXBuildFile; fileRef = 490ECB08245035A5003FE804 /* MKMapView.swift */; };
		490ECB0B24503FF3003FE804 /* UIControl.swift in Sources */ = {isa = PBXBuildFile; fileRef = 490ECB0A24503FF3003FE804 /* UIControl.swift */; };
		490ECB0E245041B7003FE804 /* UserPostVC.swift in Sources */ = {isa = PBXBuildFile; fileRef = 490ECB0D245041B7003FE804 /* UserPostVC.swift */; };
		491664E52450E69200E6BA93 /* UserPostViewModel.swift in Sources */ = {isa = PBXBuildFile; fileRef = 491664E42450E69200E6BA93 /* UserPostViewModel.swift */; };
		491664E72450EAB200E6BA93 /* PostModel.swift in Sources */ = {isa = PBXBuildFile; fileRef = 491664E62450EAB200E6BA93 /* PostModel.swift */; };
		491664EB2450F02F00E6BA93 /* PostItemTableViewCell.swift in Sources */ = {isa = PBXBuildFile; fileRef = 491664E92450F02F00E6BA93 /* PostItemTableViewCell.swift */; };
		491664EC2450F02F00E6BA93 /* PostItemTableViewCell.xib in Resources */ = {isa = PBXBuildFile; fileRef = 491664EA2450F02F00E6BA93 /* PostItemTableViewCell.xib */; };
		75DC014613B025F74CEE771E /* Pods_ceiba_test_ceiba_testUITests.framework in Frameworks */ = {isa = PBXBuildFile; fileRef = 15AEC6879E530B13B13D95F9 /* Pods_ceiba_test_ceiba_testUITests.framework */; };
		B8225C7625B991ECA7814068 /* Pods_ceiba_test.framework in Frameworks */ = {isa = PBXBuildFile; fileRef = 6E2A37F355AA933A5EBEF574 /* Pods_ceiba_test.framework */; };
		E3784BFF21F72D8718F2ED09 /* Pods_ceiba_testTests.framework in Frameworks */ = {isa = PBXBuildFile; fileRef = 0765CDA4FB3B6949F95362BC /* Pods_ceiba_testTests.framework */; };
/* End PBXBuildFile section */

/* Begin PBXContainerItemProxy section */
		490ECABD244FFAD0003FE804 /* PBXContainerItemProxy */ = {
			isa = PBXContainerItemProxy;
			containerPortal = 490ECA9E244FFACB003FE804 /* Project object */;
			proxyType = 1;
			remoteGlobalIDString = 490ECAA5244FFACB003FE804;
			remoteInfo = "ceiba-test";
		};
		490ECAC8244FFAD0003FE804 /* PBXContainerItemProxy */ = {
			isa = PBXContainerItemProxy;
			containerPortal = 490ECA9E244FFACB003FE804 /* Project object */;
			proxyType = 1;
			remoteGlobalIDString = 490ECAA5244FFACB003FE804;
			remoteInfo = "ceiba-test";
		};
/* End PBXContainerItemProxy section */

/* Begin PBXFileReference section */
		0765CDA4FB3B6949F95362BC /* Pods_ceiba_testTests.framework */ = {isa = PBXFileReference; explicitFileType = wrapper.framework; includeInIndex = 0; path = Pods_ceiba_testTests.framework; sourceTree = BUILT_PRODUCTS_DIR; };
		15AEC6879E530B13B13D95F9 /* Pods_ceiba_test_ceiba_testUITests.framework */ = {isa = PBXFileReference; explicitFileType = wrapper.framework; includeInIndex = 0; path = Pods_ceiba_test_ceiba_testUITests.framework; sourceTree = BUILT_PRODUCTS_DIR; };
		44DF2C76118BC9582D5CC7EC /* Pods-ceiba-testTests.debug.xcconfig */ = {isa = PBXFileReference; includeInIndex = 1; lastKnownFileType = text.xcconfig; name = "Pods-ceiba-testTests.debug.xcconfig"; path = "Target Support Files/Pods-ceiba-testTests/Pods-ceiba-testTests.debug.xcconfig"; sourceTree = "<group>"; };
		4904BD677352146BD68C11F1 /* Pods-ceiba-test.release.xcconfig */ = {isa = PBXFileReference; includeInIndex = 1; lastKnownFileType = text.xcconfig; name = "Pods-ceiba-test.release.xcconfig"; path = "Target Support Files/Pods-ceiba-test/Pods-ceiba-test.release.xcconfig"; sourceTree = "<group>"; };
		4904E385245134D200065AAE /* UITextField.swift */ = {isa = PBXFileReference; lastKnownFileType = sourcecode.swift; path = UITextField.swift; sourceTree = "<group>"; };
		4904E3882451483C00065AAE /* HeaderProfile.swift */ = {isa = PBXFileReference; lastKnownFileType = sourcecode.swift; path = HeaderProfile.swift; sourceTree = "<group>"; };
		4904E38A245148E700065AAE /* HeaderProfile.xib */ = {isa = PBXFileReference; lastKnownFileType = file.xib; path = HeaderProfile.xib; sourceTree = "<group>"; };
		490ECAA6244FFACB003FE804 /* ceiba-test.app */ = {isa = PBXFileReference; explicitFileType = wrapper.application; includeInIndex = 0; path = "ceiba-test.app"; sourceTree = BUILT_PRODUCTS_DIR; };
		490ECAA9244FFACB003FE804 /* AppDelegate.swift */ = {isa = PBXFileReference; lastKnownFileType = sourcecode.swift; path = AppDelegate.swift; sourceTree = "<group>"; };
		490ECAAB244FFACB003FE804 /* SceneDelegate.swift */ = {isa = PBXFileReference; lastKnownFileType = sourcecode.swift; path = SceneDelegate.swift; sourceTree = "<group>"; };
		490ECAAD244FFACB003FE804 /* HomeVC.swift */ = {isa = PBXFileReference; lastKnownFileType = sourcecode.swift; name = HomeVC.swift; path = "ceiba-test/View/Home/HomeVC.swift"; sourceTree = SOURCE_ROOT; };
		490ECAB2244FFAD0003FE804 /* Assets.xcassets */ = {isa = PBXFileReference; lastKnownFileType = folder.assetcatalog; path = Assets.xcassets; sourceTree = "<group>"; };
		490ECAB5244FFAD0003FE804 /* Base */ = {isa = PBXFileReference; lastKnownFileType = file.storyboard; name = Base; path = Base.lproj/LaunchScreen.storyboard; sourceTree = "<group>"; };
		490ECAB7244FFAD0003FE804 /* Info.plist */ = {isa = PBXFileReference; lastKnownFileType = text.plist.xml; path = Info.plist; sourceTree = "<group>"; };
		490ECABC244FFAD0003FE804 /* ceiba-testTests.xctest */ = {isa = PBXFileReference; explicitFileType = wrapper.cfbundle; includeInIndex = 0; path = "ceiba-testTests.xctest"; sourceTree = BUILT_PRODUCTS_DIR; };
		490ECAC0244FFAD0003FE804 /* ceiba_testTests.swift */ = {isa = PBXFileReference; lastKnownFileType = sourcecode.swift; path = ceiba_testTests.swift; sourceTree = "<group>"; };
		490ECAC2244FFAD0003FE804 /* Info.plist */ = {isa = PBXFileReference; lastKnownFileType = text.plist.xml; path = Info.plist; sourceTree = "<group>"; };
		490ECAC7244FFAD0003FE804 /* ceiba-testUITests.xctest */ = {isa = PBXFileReference; explicitFileType = wrapper.cfbundle; includeInIndex = 0; path = "ceiba-testUITests.xctest"; sourceTree = BUILT_PRODUCTS_DIR; };
		490ECACB244FFAD0003FE804 /* ceiba_testUITests.swift */ = {isa = PBXFileReference; lastKnownFileType = sourcecode.swift; path = ceiba_testUITests.swift; sourceTree = "<group>"; };
		490ECACD244FFAD0003FE804 /* Info.plist */ = {isa = PBXFileReference; lastKnownFileType = text.plist.xml; path = Info.plist; sourceTree = "<group>"; };
		490ECADD24500990003FE804 /* user-8.json */ = {isa = PBXFileReference; fileEncoding = 4; lastKnownFileType = text.json; path = "user-8.json"; sourceTree = "<group>"; };
		490ECADE24500990003FE804 /* user-1.json */ = {isa = PBXFileReference; fileEncoding = 4; lastKnownFileType = text.json; path = "user-1.json"; sourceTree = "<group>"; };
		490ECADF24500990003FE804 /* user-4.json */ = {isa = PBXFileReference; fileEncoding = 4; lastKnownFileType = text.json; path = "user-4.json"; sourceTree = "<group>"; };
		490ECAE024500990003FE804 /* user-2.json */ = {isa = PBXFileReference; fileEncoding = 4; lastKnownFileType = text.json; path = "user-2.json"; sourceTree = "<group>"; };
		490ECAE124500990003FE804 /* user-10.json */ = {isa = PBXFileReference; fileEncoding = 4; lastKnownFileType = text.json; path = "user-10.json"; sourceTree = "<group>"; };
		490ECAE224500990003FE804 /* user-5.json */ = {isa = PBXFileReference; fileEncoding = 4; lastKnownFileType = text.json; path = "user-5.json"; sourceTree = "<group>"; };
		490ECAE324500990003FE804 /* user-9.json */ = {isa = PBXFileReference; fileEncoding = 4; lastKnownFileType = text.json; path = "user-9.json"; sourceTree = "<group>"; };
		490ECAE424500990003FE804 /* user-3.json */ = {isa = PBXFileReference; fileEncoding = 4; lastKnownFileType = text.json; path = "user-3.json"; sourceTree = "<group>"; };
		490ECAE524500990003FE804 /* user-7.json */ = {isa = PBXFileReference; fileEncoding = 4; lastKnownFileType = text.json; path = "user-7.json"; sourceTree = "<group>"; };
		490ECAE624500991003FE804 /* user-6.json */ = {isa = PBXFileReference; fileEncoding = 4; lastKnownFileType = text.json; path = "user-6.json"; sourceTree = "<group>"; };
		490ECAF124500A3F003FE804 /* Main.storyboard */ = {isa = PBXFileReference; lastKnownFileType = file.storyboard; path = Main.storyboard; sourceTree = "<group>"; };
		490ECAF6245011B1003FE804 /* HomeItemTableViewCell.swift */ = {isa = PBXFileReference; lastKnownFileType = sourcecode.swift; path = HomeItemTableViewCell.swift; sourceTree = "<group>"; };
		490ECAF7245011B1003FE804 /* HomeItemTableViewCell.xib */ = {isa = PBXFileReference; lastKnownFileType = file.xib; path = HomeItemTableViewCell.xib; sourceTree = "<group>"; };
		490ECAFA245011D5003FE804 /* Lottie.swift */ = {isa = PBXFileReference; lastKnownFileType = sourcecode.swift; path = Lottie.swift; sourceTree = "<group>"; };
		490ECAFC245011E4003FE804 /* Lottie.xib */ = {isa = PBXFileReference; lastKnownFileType = file.xib; path = Lottie.xib; sourceTree = "<group>"; };
		490ECAFE245024AD003FE804 /* UserModel.swift */ = {isa = PBXFileReference; lastKnownFileType = sourcecode.swift; path = UserModel.swift; sourceTree = "<group>"; };
		490ECB012450254C003FE804 /* HttpManager.swift */ = {isa = PBXFileReference; lastKnownFileType = sourcecode.swift; path = HttpManager.swift; sourceTree = "<group>"; };
		490ECB0324502A3D003FE804 /* UserViewModel.swift */ = {isa = PBXFileReference; lastKnownFileType = sourcecode.swift; path = UserViewModel.swift; sourceTree = "<group>"; };
		490ECB06245031A9003FE804 /* UIView.swift */ = {isa = PBXFileReference; lastKnownFileType = sourcecode.swift; path = UIView.swift; sourceTree = "<group>"; };
		490ECB08245035A5003FE804 /* MKMapView.swift */ = {isa = PBXFileReference; lastKnownFileType = sourcecode.swift; path = MKMapView.swift; sourceTree = "<group>"; };
		490ECB0A24503FF3003FE804 /* UIControl.swift */ = {isa = PBXFileReference; lastKnownFileType = sourcecode.swift; path = UIControl.swift; sourceTree = "<group>"; };
		490ECB0D245041B7003FE804 /* UserPostVC.swift */ = {isa = PBXFileReference; lastKnownFileType = sourcecode.swift; path = UserPostVC.swift; sourceTree = "<group>"; };
		491664E42450E69200E6BA93 /* UserPostViewModel.swift */ = {isa = PBXFileReference; lastKnownFileType = sourcecode.swift; path = UserPostViewModel.swift; sourceTree = "<group>"; };
		491664E62450EAB200E6BA93 /* PostModel.swift */ = {isa = PBXFileReference; lastKnownFileType = sourcecode.swift; path = PostModel.swift; sourceTree = "<group>"; };
		491664E92450F02F00E6BA93 /* PostItemTableViewCell.swift */ = {isa = PBXFileReference; lastKnownFileType = sourcecode.swift; path = PostItemTableViewCell.swift; sourceTree = "<group>"; };
		491664EA2450F02F00E6BA93 /* PostItemTableViewCell.xib */ = {isa = PBXFileReference; lastKnownFileType = file.xib; path = PostItemTableViewCell.xib; sourceTree = "<group>"; };
		557135EA99ACB939EB29B5E2 /* Pods-ceiba-test-ceiba-testUITests.debug.xcconfig */ = {isa = PBXFileReference; includeInIndex = 1; lastKnownFileType = text.xcconfig; name = "Pods-ceiba-test-ceiba-testUITests.debug.xcconfig"; path = "Target Support Files/Pods-ceiba-test-ceiba-testUITests/Pods-ceiba-test-ceiba-testUITests.debug.xcconfig"; sourceTree = "<group>"; };
		5E65D743C178EBD7C085A538 /* Pods-ceiba-test-ceiba-testUITests.release.xcconfig */ = {isa = PBXFileReference; includeInIndex = 1; lastKnownFileType = text.xcconfig; name = "Pods-ceiba-test-ceiba-testUITests.release.xcconfig"; path = "Target Support Files/Pods-ceiba-test-ceiba-testUITests/Pods-ceiba-test-ceiba-testUITests.release.xcconfig"; sourceTree = "<group>"; };
		647115965FC3FF9FBDA92D4F /* Pods-ceiba-testTests.release.xcconfig */ = {isa = PBXFileReference; includeInIndex = 1; lastKnownFileType = text.xcconfig; name = "Pods-ceiba-testTests.release.xcconfig"; path = "Target Support Files/Pods-ceiba-testTests/Pods-ceiba-testTests.release.xcconfig"; sourceTree = "<group>"; };
		6E2A37F355AA933A5EBEF574 /* Pods_ceiba_test.framework */ = {isa = PBXFileReference; explicitFileType = wrapper.framework; includeInIndex = 0; path = Pods_ceiba_test.framework; sourceTree = BUILT_PRODUCTS_DIR; };
		8C66AC21F87B42637FBD775A /* Pods-ceiba-test.debug.xcconfig */ = {isa = PBXFileReference; includeInIndex = 1; lastKnownFileType = text.xcconfig; name = "Pods-ceiba-test.debug.xcconfig"; path = "Target Support Files/Pods-ceiba-test/Pods-ceiba-test.debug.xcconfig"; sourceTree = "<group>"; };
/* End PBXFileReference section */

/* Begin PBXFrameworksBuildPhase section */
		490ECAA3244FFACB003FE804 /* Frameworks */ = {
			isa = PBXFrameworksBuildPhase;
			buildActionMask = 2147483647;
			files = (
				B8225C7625B991ECA7814068 /* Pods_ceiba_test.framework in Frameworks */,
			);
			runOnlyForDeploymentPostprocessing = 0;
		};
		490ECAB9244FFAD0003FE804 /* Frameworks */ = {
			isa = PBXFrameworksBuildPhase;
			buildActionMask = 2147483647;
			files = (
				E3784BFF21F72D8718F2ED09 /* Pods_ceiba_testTests.framework in Frameworks */,
			);
			runOnlyForDeploymentPostprocessing = 0;
		};
		490ECAC4244FFAD0003FE804 /* Frameworks */ = {
			isa = PBXFrameworksBuildPhase;
			buildActionMask = 2147483647;
			files = (
				75DC014613B025F74CEE771E /* Pods_ceiba_test_ceiba_testUITests.framework in Frameworks */,
			);
			runOnlyForDeploymentPostprocessing = 0;
		};
/* End PBXFrameworksBuildPhase section */

/* Begin PBXGroup section */
		4904E387245146FD00065AAE /* Custom */ = {
			isa = PBXGroup;
			children = (
				490ECADB2450096E003FE804 /* Lottie */,
				4904E38C2451623700065AAE /* HeaderProfile */,
			);
			path = Custom;
			sourceTree = "<group>";
		};
		4904E38C2451623700065AAE /* HeaderProfile */ = {
			isa = PBXGroup;
			children = (
				4904E3882451483C00065AAE /* HeaderProfile.swift */,
				4904E38A245148E700065AAE /* HeaderProfile.xib */,
			);
			path = HeaderProfile;
			sourceTree = "<group>";
		};
		490ECA9D244FFACB003FE804 = {
			isa = PBXGroup;
			children = (
				490ECAA8244FFACB003FE804 /* ceiba-test */,
				490ECABF244FFAD0003FE804 /* ceiba-testTests */,
				490ECACA244FFAD0003FE804 /* ceiba-testUITests */,
				490ECAA7244FFACB003FE804 /* Products */,
				D3D238AE0536ED31F6B5BC05 /* Pods */,
				EAD7581932A5C3738B669E7A /* Frameworks */,
			);
			sourceTree = "<group>";
		};
		490ECAA7244FFACB003FE804 /* Products */ = {
			isa = PBXGroup;
			children = (
				490ECAA6244FFACB003FE804 /* ceiba-test.app */,
				490ECABC244FFAD0003FE804 /* ceiba-testTests.xctest */,
				490ECAC7244FFAD0003FE804 /* ceiba-testUITests.xctest */,
			);
			name = Products;
			sourceTree = "<group>";
		};
		490ECAA8244FFACB003FE804 /* ceiba-test */ = {
			isa = PBXGroup;
			children = (
				490ECB0524503192003FE804 /* HelperViews */,
				490ECB00245024B3003FE804 /* Manager */,
				490ECAF324500B1B003FE804 /* Model */,
				490ECADA245007DC003FE804 /* ViewModel */,
				490ECAD9245007D3003FE804 /* View */,
				490ECAA9244FFACB003FE804 /* AppDelegate.swift */,
				490ECAAB244FFACB003FE804 /* SceneDelegate.swift */,
				490ECAB2244FFAD0003FE804 /* Assets.xcassets */,
				490ECAB4244FFAD0003FE804 /* LaunchScreen.storyboard */,
				490ECAB7244FFAD0003FE804 /* Info.plist */,
			);
			path = "ceiba-test";
			sourceTree = "<group>";
		};
		490ECABF244FFAD0003FE804 /* ceiba-testTests */ = {
			isa = PBXGroup;
			children = (
				490ECAC0244FFAD0003FE804 /* ceiba_testTests.swift */,
				490ECAC2244FFAD0003FE804 /* Info.plist */,
			);
			path = "ceiba-testTests";
			sourceTree = "<group>";
		};
		490ECACA244FFAD0003FE804 /* ceiba-testUITests */ = {
			isa = PBXGroup;
			children = (
				490ECACB244FFAD0003FE804 /* ceiba_testUITests.swift */,
				490ECACD244FFAD0003FE804 /* Info.plist */,
			);
			path = "ceiba-testUITests";
			sourceTree = "<group>";
		};
		490ECAD9245007D3003FE804 /* View */ = {
			isa = PBXGroup;
			children = (
				4904E387245146FD00065AAE /* Custom */,
				490ECB0C24504196003FE804 /* Post */,
				490ECAF424500C82003FE804 /* Home */,
				490ECAF124500A3F003FE804 /* Main.storyboard */,
			);
			path = View;
			sourceTree = "<group>";
		};
		490ECADA245007DC003FE804 /* ViewModel */ = {
			isa = PBXGroup;
			children = (
				490ECB0324502A3D003FE804 /* UserViewModel.swift */,
				491664E42450E69200E6BA93 /* UserPostViewModel.swift */,
			);
			path = ViewModel;
			sourceTree = "<group>";
		};
		490ECADB2450096E003FE804 /* Lottie */ = {
			isa = PBXGroup;
			children = (
				490ECADC2450097B003FE804 /* Files */,
				490ECAFA245011D5003FE804 /* Lottie.swift */,
				490ECAFC245011E4003FE804 /* Lottie.xib */,
			);
			path = Lottie;
			sourceTree = "<group>";
		};
		490ECADC2450097B003FE804 /* Files */ = {
			isa = PBXGroup;
			children = (
				490ECADE24500990003FE804 /* user-1.json */,
				490ECAE024500990003FE804 /* user-2.json */,
				490ECAE424500990003FE804 /* user-3.json */,
				490ECADF24500990003FE804 /* user-4.json */,
				490ECAE224500990003FE804 /* user-5.json */,
				490ECAE624500991003FE804 /* user-6.json */,
				490ECAE524500990003FE804 /* user-7.json */,
				490ECADD24500990003FE804 /* user-8.json */,
				490ECAE324500990003FE804 /* user-9.json */,
				490ECAE124500990003FE804 /* user-10.json */,
			);
			path = Files;
			sourceTree = "<group>";
		};
		490ECAF324500B1B003FE804 /* Model */ = {
			isa = PBXGroup;
			children = (
				490ECAFE245024AD003FE804 /* UserModel.swift */,
				491664E62450EAB200E6BA93 /* PostModel.swift */,
			);
			path = Model;
			sourceTree = "<group>";
		};
		490ECAF424500C82003FE804 /* Home */ = {
			isa = PBXGroup;
			children = (
				490ECAF5245010EE003FE804 /* Cell */,
				490ECAAD244FFACB003FE804 /* HomeVC.swift */,
			);
			path = Home;
			sourceTree = "<group>";
		};
		490ECAF5245010EE003FE804 /* Cell */ = {
			isa = PBXGroup;
			children = (
				490ECAF6245011B1003FE804 /* HomeItemTableViewCell.swift */,
				490ECAF7245011B1003FE804 /* HomeItemTableViewCell.xib */,
			);
			path = Cell;
			sourceTree = "<group>";
		};
		490ECB00245024B3003FE804 /* Manager */ = {
			isa = PBXGroup;
			children = (
				490ECB012450254C003FE804 /* HttpManager.swift */,
			);
			path = Manager;
			sourceTree = "<group>";
		};
		490ECB0524503192003FE804 /* HelperViews */ = {
			isa = PBXGroup;
			children = (
				490ECB06245031A9003FE804 /* UIView.swift */,
				490ECB08245035A5003FE804 /* MKMapView.swift */,
				490ECB0A24503FF3003FE804 /* UIControl.swift */,
				4904E385245134D200065AAE /* UITextField.swift */,
			);
			path = HelperViews;
			sourceTree = "<group>";
		};
		490ECB0C24504196003FE804 /* Post */ = {
			isa = PBXGroup;
			children = (
				491664E82450F00C00E6BA93 /* Cell */,
				490ECB0D245041B7003FE804 /* UserPostVC.swift */,
			);
			path = Post;
			sourceTree = "<group>";
		};
		491664E82450F00C00E6BA93 /* Cell */ = {
			isa = PBXGroup;
			children = (
				491664E92450F02F00E6BA93 /* PostItemTableViewCell.swift */,
				491664EA2450F02F00E6BA93 /* PostItemTableViewCell.xib */,
			);
			path = Cell;
			sourceTree = "<group>";
		};
		D3D238AE0536ED31F6B5BC05 /* Pods */ = {
			isa = PBXGroup;
			children = (
				8C66AC21F87B42637FBD775A /* Pods-ceiba-test.debug.xcconfig */,
				4904BD677352146BD68C11F1 /* Pods-ceiba-test.release.xcconfig */,
				557135EA99ACB939EB29B5E2 /* Pods-ceiba-test-ceiba-testUITests.debug.xcconfig */,
				5E65D743C178EBD7C085A538 /* Pods-ceiba-test-ceiba-testUITests.release.xcconfig */,
				44DF2C76118BC9582D5CC7EC /* Pods-ceiba-testTests.debug.xcconfig */,
				647115965FC3FF9FBDA92D4F /* Pods-ceiba-testTests.release.xcconfig */,
			);
			path = Pods;
			sourceTree = "<group>";
		};
		EAD7581932A5C3738B669E7A /* Frameworks */ = {
			isa = PBXGroup;
			children = (
				6E2A37F355AA933A5EBEF574 /* Pods_ceiba_test.framework */,
				15AEC6879E530B13B13D95F9 /* Pods_ceiba_test_ceiba_testUITests.framework */,
				0765CDA4FB3B6949F95362BC /* Pods_ceiba_testTests.framework */,
			);
			name = Frameworks;
			sourceTree = "<group>";
		};
/* End PBXGroup section */

/* Begin PBXNativeTarget section */
		490ECAA5244FFACB003FE804 /* ceiba-test */ = {
			isa = PBXNativeTarget;
			buildConfigurationList = 490ECAD0244FFAD0003FE804 /* Build configuration list for PBXNativeTarget "ceiba-test" */;
			buildPhases = (
				75DA224D2E14EA142161E561 /* [CP] Check Pods Manifest.lock */,
				490ECAA2244FFACB003FE804 /* Sources */,
				490ECAA3244FFACB003FE804 /* Frameworks */,
				490ECAA4244FFACB003FE804 /* Resources */,
				F38876CE80B98437F8B72ED2 /* [CP] Embed Pods Frameworks */,
			);
			buildRules = (
			);
			dependencies = (
			);
			name = "ceiba-test";
			productName = "ceiba-test";
			productReference = 490ECAA6244FFACB003FE804 /* ceiba-test.app */;
			productType = "com.apple.product-type.application";
		};
		490ECABB244FFAD0003FE804 /* ceiba-testTests */ = {
			isa = PBXNativeTarget;
			buildConfigurationList = 490ECAD3244FFAD0003FE804 /* Build configuration list for PBXNativeTarget "ceiba-testTests" */;
			buildPhases = (
				8D359C9FEF2CD71E9D4EE7CA /* [CP] Check Pods Manifest.lock */,
				490ECAB8244FFAD0003FE804 /* Sources */,
				490ECAB9244FFAD0003FE804 /* Frameworks */,
				490ECABA244FFAD0003FE804 /* Resources */,
			);
			buildRules = (
			);
			dependencies = (
				490ECABE244FFAD0003FE804 /* PBXTargetDependency */,
			);
			name = "ceiba-testTests";
			productName = "ceiba-testTests";
			productReference = 490ECABC244FFAD0003FE804 /* ceiba-testTests.xctest */;
			productType = "com.apple.product-type.bundle.unit-test";
		};
		490ECAC6244FFAD0003FE804 /* ceiba-testUITests */ = {
			isa = PBXNativeTarget;
			buildConfigurationList = 490ECAD6244FFAD0003FE804 /* Build configuration list for PBXNativeTarget "ceiba-testUITests" */;
			buildPhases = (
				03115C427546E37F797503F2 /* [CP] Check Pods Manifest.lock */,
				490ECAC3244FFAD0003FE804 /* Sources */,
				490ECAC4244FFAD0003FE804 /* Frameworks */,
				490ECAC5244FFAD0003FE804 /* Resources */,
				B3E98D1DEA23EA2E542A58D8 /* [CP] Embed Pods Frameworks */,
			);
			buildRules = (
			);
			dependencies = (
				490ECAC9244FFAD0003FE804 /* PBXTargetDependency */,
			);
			name = "ceiba-testUITests";
			productName = "ceiba-testUITests";
			productReference = 490ECAC7244FFAD0003FE804 /* ceiba-testUITests.xctest */;
			productType = "com.apple.product-type.bundle.ui-testing";
		};
/* End PBXNativeTarget section */

/* Begin PBXProject section */
		490ECA9E244FFACB003FE804 /* Project object */ = {
			isa = PBXProject;
			attributes = {
				LastSwiftUpdateCheck = 1120;
				LastUpgradeCheck = 1120;
				ORGANIZATIONNAME = Jc;
				TargetAttributes = {
					490ECAA5244FFACB003FE804 = {
						CreatedOnToolsVersion = 11.2.1;
					};
					490ECABB244FFAD0003FE804 = {
						CreatedOnToolsVersion = 11.2.1;
						TestTargetID = 490ECAA5244FFACB003FE804;
					};
					490ECAC6244FFAD0003FE804 = {
						CreatedOnToolsVersion = 11.2.1;
						TestTargetID = 490ECAA5244FFACB003FE804;
					};
				};
			};
			buildConfigurationList = 490ECAA1244FFACB003FE804 /* Build configuration list for PBXProject "ceiba-test" */;
			compatibilityVersion = "Xcode 9.3";
			developmentRegion = en;
			hasScannedForEncodings = 0;
			knownRegions = (
				en,
				Base,
			);
			mainGroup = 490ECA9D244FFACB003FE804;
			productRefGroup = 490ECAA7244FFACB003FE804 /* Products */;
			projectDirPath = "";
			projectRoot = "";
			targets = (
				490ECAA5244FFACB003FE804 /* ceiba-test */,
				490ECABB244FFAD0003FE804 /* ceiba-testTests */,
				490ECAC6244FFAD0003FE804 /* ceiba-testUITests */,
			);
		};
/* End PBXProject section */

/* Begin PBXResourcesBuildPhase section */
		490ECAA4244FFACB003FE804 /* Resources */ = {
			isa = PBXResourcesBuildPhase;
			buildActionMask = 2147483647;
			files = (
				490ECAB6244FFAD0003FE804 /* LaunchScreen.storyboard in Resources */,
				490ECAEB24500991003FE804 /* user-10.json in Resources */,
				491664EC2450F02F00E6BA93 /* PostItemTableViewCell.xib in Resources */,
				4904E38B245148E700065AAE /* HeaderProfile.xib in Resources */,
				490ECAE924500991003FE804 /* user-4.json in Resources */,
				490ECAB3244FFAD0003FE804 /* Assets.xcassets in Resources */,
				490ECAEC24500991003FE804 /* user-5.json in Resources */,
				490ECAE724500991003FE804 /* user-8.json in Resources */,
				490ECAF024500991003FE804 /* user-6.json in Resources */,
				490ECAF224500A3F003FE804 /* Main.storyboard in Resources */,
				490ECAFD245011E4003FE804 /* Lottie.xib in Resources */,
				490ECAE824500991003FE804 /* user-1.json in Resources */,
				490ECAF9245011B1003FE804 /* HomeItemTableViewCell.xib in Resources */,
				490ECAEE24500991003FE804 /* user-3.json in Resources */,
				490ECAED24500991003FE804 /* user-9.json in Resources */,
				490ECAEF24500991003FE804 /* user-7.json in Resources */,
				490ECAEA24500991003FE804 /* user-2.json in Resources */,
			);
			runOnlyForDeploymentPostprocessing = 0;
		};
		490ECABA244FFAD0003FE804 /* Resources */ = {
			isa = PBXResourcesBuildPhase;
			buildActionMask = 2147483647;
			files = (
			);
			runOnlyForDeploymentPostprocessing = 0;
		};
		490ECAC5244FFAD0003FE804 /* Resources */ = {
			isa = PBXResourcesBuildPhase;
			buildActionMask = 2147483647;
			files = (
			);
			runOnlyForDeploymentPostprocessing = 0;
		};
/* End PBXResourcesBuildPhase section */

/* Begin PBXShellScriptBuildPhase section */
		03115C427546E37F797503F2 /* [CP] Check Pods Manifest.lock */ = {
			isa = PBXShellScriptBuildPhase;
			buildActionMask = 2147483647;
			files = (
			);
			inputFileListPaths = (
			);
			inputPaths = (
				"${PODS_PODFILE_DIR_PATH}/Podfile.lock",
				"${PODS_ROOT}/Manifest.lock",
			);
			name = "[CP] Check Pods Manifest.lock";
			outputFileListPaths = (
			);
			outputPaths = (
				"$(DERIVED_FILE_DIR)/Pods-ceiba-test-ceiba-testUITests-checkManifestLockResult.txt",
			);
			runOnlyForDeploymentPostprocessing = 0;
			shellPath = /bin/sh;
			shellScript = "diff \"${PODS_PODFILE_DIR_PATH}/Podfile.lock\" \"${PODS_ROOT}/Manifest.lock\" > /dev/null\nif [ $? != 0 ] ; then\n    # print error to STDERR\n    echo \"error: The sandbox is not in sync with the Podfile.lock. Run 'pod install' or update your CocoaPods installation.\" >&2\n    exit 1\nfi\n# This output is used by Xcode 'outputs' to avoid re-running this script phase.\necho \"SUCCESS\" > \"${SCRIPT_OUTPUT_FILE_0}\"\n";
			showEnvVarsInLog = 0;
		};
		75DA224D2E14EA142161E561 /* [CP] Check Pods Manifest.lock */ = {
			isa = PBXShellScriptBuildPhase;
			buildActionMask = 2147483647;
			files = (
			);
			inputFileListPaths = (
			);
			inputPaths = (
				"${PODS_PODFILE_DIR_PATH}/Podfile.lock",
				"${PODS_ROOT}/Manifest.lock",
			);
			name = "[CP] Check Pods Manifest.lock";
			outputFileListPaths = (
			);
			outputPaths = (
				"$(DERIVED_FILE_DIR)/Pods-ceiba-test-checkManifestLockResult.txt",
			);
			runOnlyForDeploymentPostprocessing = 0;
			shellPath = /bin/sh;
			shellScript = "diff \"${PODS_PODFILE_DIR_PATH}/Podfile.lock\" \"${PODS_ROOT}/Manifest.lock\" > /dev/null\nif [ $? != 0 ] ; then\n    # print error to STDERR\n    echo \"error: The sandbox is not in sync with the Podfile.lock. Run 'pod install' or update your CocoaPods installation.\" >&2\n    exit 1\nfi\n# This output is used by Xcode 'outputs' to avoid re-running this script phase.\necho \"SUCCESS\" > \"${SCRIPT_OUTPUT_FILE_0}\"\n";
			showEnvVarsInLog = 0;
		};
		8D359C9FEF2CD71E9D4EE7CA /* [CP] Check Pods Manifest.lock */ = {
			isa = PBXShellScriptBuildPhase;
			buildActionMask = 2147483647;
			files = (
			);
			inputFileListPaths = (
			);
			inputPaths = (
				"${PODS_PODFILE_DIR_PATH}/Podfile.lock",
				"${PODS_ROOT}/Manifest.lock",
			);
			name = "[CP] Check Pods Manifest.lock";
			outputFileListPaths = (
			);
			outputPaths = (
				"$(DERIVED_FILE_DIR)/Pods-ceiba-testTests-checkManifestLockResult.txt",
			);
			runOnlyForDeploymentPostprocessing = 0;
			shellPath = /bin/sh;
			shellScript = "diff \"${PODS_PODFILE_DIR_PATH}/Podfile.lock\" \"${PODS_ROOT}/Manifest.lock\" > /dev/null\nif [ $? != 0 ] ; then\n    # print error to STDERR\n    echo \"error: The sandbox is not in sync with the Podfile.lock. Run 'pod install' or update your CocoaPods installation.\" >&2\n    exit 1\nfi\n# This output is used by Xcode 'outputs' to avoid re-running this script phase.\necho \"SUCCESS\" > \"${SCRIPT_OUTPUT_FILE_0}\"\n";
			showEnvVarsInLog = 0;
		};
		B3E98D1DEA23EA2E542A58D8 /* [CP] Embed Pods Frameworks */ = {
			isa = PBXShellScriptBuildPhase;
			buildActionMask = 2147483647;
			files = (
			);
			inputFileListPaths = (
				"${PODS_ROOT}/Target Support Files/Pods-ceiba-test-ceiba-testUITests/Pods-ceiba-test-ceiba-testUITests-frameworks-${CONFIGURATION}-input-files.xcfilelist",
			);
			name = "[CP] Embed Pods Frameworks";
			outputFileListPaths = (
				"${PODS_ROOT}/Target Support Files/Pods-ceiba-test-ceiba-testUITests/Pods-ceiba-test-ceiba-testUITests-frameworks-${CONFIGURATION}-output-files.xcfilelist",
			);
			runOnlyForDeploymentPostprocessing = 0;
			shellPath = /bin/sh;
			shellScript = "\"${PODS_ROOT}/Target Support Files/Pods-ceiba-test-ceiba-testUITests/Pods-ceiba-test-ceiba-testUITests-frameworks.sh\"\n";
			showEnvVarsInLog = 0;
		};
		F38876CE80B98437F8B72ED2 /* [CP] Embed Pods Frameworks */ = {
			isa = PBXShellScriptBuildPhase;
			buildActionMask = 2147483647;
			files = (
			);
			inputFileListPaths = (
				"${PODS_ROOT}/Target Support Files/Pods-ceiba-test/Pods-ceiba-test-frameworks-${CONFIGURATION}-input-files.xcfilelist",
			);
			name = "[CP] Embed Pods Frameworks";
			outputFileListPaths = (
				"${PODS_ROOT}/Target Support Files/Pods-ceiba-test/Pods-ceiba-test-frameworks-${CONFIGURATION}-output-files.xcfilelist",
			);
			runOnlyForDeploymentPostprocessing = 0;
			shellPath = /bin/sh;
			shellScript = "\"${PODS_ROOT}/Target Support Files/Pods-ceiba-test/Pods-ceiba-test-frameworks.sh\"\n";
			showEnvVarsInLog = 0;
		};
/* End PBXShellScriptBuildPhase section */

/* Begin PBXSourcesBuildPhase section */
		490ECAA2244FFACB003FE804 /* Sources */ = {
			isa = PBXSourcesBuildPhase;
			buildActionMask = 2147483647;
			files = (
				490ECAAE244FFACB003FE804 /* HomeVC.swift in Sources */,
				490ECB0424502A3D003FE804 /* UserViewModel.swift in Sources */,
				490ECB022450254C003FE804 /* HttpManager.swift in Sources */,
				4904E386245134D200065AAE /* UITextField.swift in Sources */,
				491664E72450EAB200E6BA93 /* PostModel.swift in Sources */,
				490ECAF8245011B1003FE804 /* HomeItemTableViewCell.swift in Sources */,
				4904E3892451483C00065AAE /* HeaderProfile.swift in Sources */,
				490ECAFB245011D5003FE804 /* Lottie.swift in Sources */,
				491664E52450E69200E6BA93 /* UserPostViewModel.swift in Sources */,
				490ECAAA244FFACB003FE804 /* AppDelegate.swift in Sources */,
				490ECAFF245024AD003FE804 /* UserModel.swift in Sources */,
				490ECB07245031A9003FE804 /* UIView.swift in Sources */,
				490ECB0B24503FF3003FE804 /* UIControl.swift in Sources */,
				491664EB2450F02F00E6BA93 /* PostItemTableViewCell.swift in Sources */,
				490ECB0E245041B7003FE804 /* UserPostVC.swift in Sources */,
				490ECAAC244FFACB003FE804 /* SceneDelegate.swift in Sources */,
				490ECB09245035A5003FE804 /* MKMapView.swift in Sources */,
			);
			runOnlyForDeploymentPostprocessing = 0;
		};
		490ECAB8244FFAD0003FE804 /* Sources */ = {
			isa = PBXSourcesBuildPhase;
			buildActionMask = 2147483647;
			files = (
				490ECAC1244FFAD0003FE804 /* ceiba_testTests.swift in Sources */,
			);
			runOnlyForDeploymentPostprocessing = 0;
		};
		490ECAC3244FFAD0003FE804 /* Sources */ = {
			isa = PBXSourcesBuildPhase;
			buildActionMask = 2147483647;
			files = (
				490ECACC244FFAD0003FE804 /* ceiba_testUITests.swift in Sources */,
			);
			runOnlyForDeploymentPostprocessing = 0;
		};
/* End PBXSourcesBuildPhase section */

/* Begin PBXTargetDependency section */
		490ECABE244FFAD0003FE804 /* PBXTargetDependency */ = {
			isa = PBXTargetDependency;
			target = 490ECAA5244FFACB003FE804 /* ceiba-test */;
			targetProxy = 490ECABD244FFAD0003FE804 /* PBXContainerItemProxy */;
		};
		490ECAC9244FFAD0003FE804 /* PBXTargetDependency */ = {
			isa = PBXTargetDependency;
			target = 490ECAA5244FFACB003FE804 /* ceiba-test */;
			targetProxy = 490ECAC8244FFAD0003FE804 /* PBXContainerItemProxy */;
		};
/* End PBXTargetDependency section */

/* Begin PBXVariantGroup section */
		490ECAB4244FFAD0003FE804 /* LaunchScreen.storyboard */ = {
			isa = PBXVariantGroup;
			children = (
				490ECAB5244FFAD0003FE804 /* Base */,
			);
			name = LaunchScreen.storyboard;
			sourceTree = "<group>";
		};
/* End PBXVariantGroup section */

/* Begin XCBuildConfiguration section */
		490ECACE244FFAD0003FE804 /* Debug */ = {
			isa = XCBuildConfiguration;
			buildSettings = {
				ALWAYS_SEARCH_USER_PATHS = NO;
				CLANG_ANALYZER_NONNULL = YES;
				CLANG_ANALYZER_NUMBER_OBJECT_CONVERSION = YES_AGGRESSIVE;
				CLANG_CXX_LANGUAGE_STANDARD = "gnu++14";
				CLANG_CXX_LIBRARY = "libc++";
				CLANG_ENABLE_MODULES = YES;
				CLANG_ENABLE_OBJC_ARC = YES;
				CLANG_ENABLE_OBJC_WEAK = YES;
				CLANG_WARN_BLOCK_CAPTURE_AUTORELEASING = YES;
				CLANG_WARN_BOOL_CONVERSION = YES;
				CLANG_WARN_COMMA = YES;
				CLANG_WARN_CONSTANT_CONVERSION = YES;
				CLANG_WARN_DEPRECATED_OBJC_IMPLEMENTATIONS = YES;
				CLANG_WARN_DIRECT_OBJC_ISA_USAGE = YES_ERROR;
				CLANG_WARN_DOCUMENTATION_COMMENTS = YES;
				CLANG_WARN_EMPTY_BODY = YES;
				CLANG_WARN_ENUM_CONVERSION = YES;
				CLANG_WARN_INFINITE_RECURSION = YES;
				CLANG_WARN_INT_CONVERSION = YES;
				CLANG_WARN_NON_LITERAL_NULL_CONVERSION = YES;
				CLANG_WARN_OBJC_IMPLICIT_RETAIN_SELF = YES;
				CLANG_WARN_OBJC_LITERAL_CONVERSION = YES;
				CLANG_WARN_OBJC_ROOT_CLASS = YES_ERROR;
				CLANG_WARN_RANGE_LOOP_ANALYSIS = YES;
				CLANG_WARN_STRICT_PROTOTYPES = YES;
				CLANG_WARN_SUSPICIOUS_MOVE = YES;
				CLANG_WARN_UNGUARDED_AVAILABILITY = YES_AGGRESSIVE;
				CLANG_WARN_UNREACHABLE_CODE = YES;
				CLANG_WARN__DUPLICATE_METHOD_MATCH = YES;
				COPY_PHASE_STRIP = NO;
				DEBUG_INFORMATION_FORMAT = dwarf;
				ENABLE_STRICT_OBJC_MSGSEND = YES;
				ENABLE_TESTABILITY = YES;
				GCC_C_LANGUAGE_STANDARD = gnu11;
				GCC_DYNAMIC_NO_PIC = NO;
				GCC_NO_COMMON_BLOCKS = YES;
				GCC_OPTIMIZATION_LEVEL = 0;
				GCC_PREPROCESSOR_DEFINITIONS = (
					"DEBUG=1",
					"$(inherited)",
				);
				GCC_WARN_64_TO_32_BIT_CONVERSION = YES;
				GCC_WARN_ABOUT_RETURN_TYPE = YES_ERROR;
				GCC_WARN_UNDECLARED_SELECTOR = YES;
				GCC_WARN_UNINITIALIZED_AUTOS = YES_AGGRESSIVE;
				GCC_WARN_UNUSED_FUNCTION = YES;
				GCC_WARN_UNUSED_VARIABLE = YES;
				IPHONEOS_DEPLOYMENT_TARGET = 13.2;
				MTL_ENABLE_DEBUG_INFO = INCLUDE_SOURCE;
				MTL_FAST_MATH = YES;
				ONLY_ACTIVE_ARCH = YES;
				SDKROOT = iphoneos;
				SWIFT_ACTIVE_COMPILATION_CONDITIONS = DEBUG;
				SWIFT_OPTIMIZATION_LEVEL = "-Onone";
			};
			name = Debug;
		};
		490ECACF244FFAD0003FE804 /* Release */ = {
			isa = XCBuildConfiguration;
			buildSettings = {
				ALWAYS_SEARCH_USER_PATHS = NO;
				CLANG_ANALYZER_NONNULL = YES;
				CLANG_ANALYZER_NUMBER_OBJECT_CONVERSION = YES_AGGRESSIVE;
				CLANG_CXX_LANGUAGE_STANDARD = "gnu++14";
				CLANG_CXX_LIBRARY = "libc++";
				CLANG_ENABLE_MODULES = YES;
				CLANG_ENABLE_OBJC_ARC = YES;
				CLANG_ENABLE_OBJC_WEAK = YES;
				CLANG_WARN_BLOCK_CAPTURE_AUTORELEASING = YES;
				CLANG_WARN_BOOL_CONVERSION = YES;
				CLANG_WARN_COMMA = YES;
				CLANG_WARN_CONSTANT_CONVERSION = YES;
				CLANG_WARN_DEPRECATED_OBJC_IMPLEMENTATIONS = YES;
				CLANG_WARN_DIRECT_OBJC_ISA_USAGE = YES_ERROR;
				CLANG_WARN_DOCUMENTATION_COMMENTS = YES;
				CLANG_WARN_EMPTY_BODY = YES;
				CLANG_WARN_ENUM_CONVERSION = YES;
				CLANG_WARN_INFINITE_RECURSION = YES;
				CLANG_WARN_INT_CONVERSION = YES;
				CLANG_WARN_NON_LITERAL_NULL_CONVERSION = YES;
				CLANG_WARN_OBJC_IMPLICIT_RETAIN_SELF = YES;
				CLANG_WARN_OBJC_LITERAL_CONVERSION = YES;
				CLANG_WARN_OBJC_ROOT_CLASS = YES_ERROR;
				CLANG_WARN_RANGE_LOOP_ANALYSIS = YES;
				CLANG_WARN_STRICT_PROTOTYPES = YES;
				CLANG_WARN_SUSPICIOUS_MOVE = YES;
				CLANG_WARN_UNGUARDED_AVAILABILITY = YES_AGGRESSIVE;
				CLANG_WARN_UNREACHABLE_CODE = YES;
				CLANG_WARN__DUPLICATE_METHOD_MATCH = YES;
				COPY_PHASE_STRIP = NO;
				DEBUG_INFORMATION_FORMAT = "dwarf-with-dsym";
				ENABLE_NS_ASSERTIONS = NO;
				ENABLE_STRICT_OBJC_MSGSEND = YES;
				GCC_C_LANGUAGE_STANDARD = gnu11;
				GCC_NO_COMMON_BLOCKS = YES;
				GCC_WARN_64_TO_32_BIT_CONVERSION = YES;
				GCC_WARN_ABOUT_RETURN_TYPE = YES_ERROR;
				GCC_WARN_UNDECLARED_SELECTOR = YES;
				GCC_WARN_UNINITIALIZED_AUTOS = YES_AGGRESSIVE;
				GCC_WARN_UNUSED_FUNCTION = YES;
				GCC_WARN_UNUSED_VARIABLE = YES;
				IPHONEOS_DEPLOYMENT_TARGET = 13.2;
				MTL_ENABLE_DEBUG_INFO = NO;
				MTL_FAST_MATH = YES;
				SDKROOT = iphoneos;
				SWIFT_COMPILATION_MODE = wholemodule;
				SWIFT_OPTIMIZATION_LEVEL = "-O";
				VALIDATE_PRODUCT = YES;
			};
			name = Release;
		};
		490ECAD1244FFAD0003FE804 /* Debug */ = {
			isa = XCBuildConfiguration;
			baseConfigurationReference = 8C66AC21F87B42637FBD775A /* Pods-ceiba-test.debug.xcconfig */;
			buildSettings = {
				ASSETCATALOG_COMPILER_APPICON_NAME = AppIcon;
				CODE_SIGN_STYLE = Automatic;
				INFOPLIST_FILE = "ceiba-test/Info.plist";
				LD_RUNPATH_SEARCH_PATHS = (
					"$(inherited)",
					"@executable_path/Frameworks",
				);
				PRODUCT_BUNDLE_IDENTIFIER = "com.ceiba-test";
				PRODUCT_NAME = "$(TARGET_NAME)";
				SWIFT_VERSION = 5.0;
				TARGETED_DEVICE_FAMILY = "1,2";
			};
			name = Debug;
		};
		490ECAD2244FFAD0003FE804 /* Release */ = {
			isa = XCBuildConfiguration;
			baseConfigurationReference = 4904BD677352146BD68C11F1 /* Pods-ceiba-test.release.xcconfig */;
			buildSettings = {
				ASSETCATALOG_COMPILER_APPICON_NAME = AppIcon;
				CODE_SIGN_STYLE = Automatic;
				INFOPLIST_FILE = "ceiba-test/Info.plist";
				LD_RUNPATH_SEARCH_PATHS = (
					"$(inherited)",
					"@executable_path/Frameworks",
				);
				PRODUCT_BUNDLE_IDENTIFIER = "com.ceiba-test";
				PRODUCT_NAME = "$(TARGET_NAME)";
				SWIFT_VERSION = 5.0;
				TARGETED_DEVICE_FAMILY = "1,2";
			};
			name = Release;
		};
		490ECAD4244FFAD0003FE804 /* Debug */ = {
			isa = XCBuildConfiguration;
			baseConfigurationReference = 44DF2C76118BC9582D5CC7EC /* Pods-ceiba-testTests.debug.xcconfig */;
			buildSettings = {
				ALWAYS_EMBED_SWIFT_STANDARD_LIBRARIES = "$(inherited)";
				BUNDLE_LOADER = "$(TEST_HOST)";
				CODE_SIGN_STYLE = Automatic;
				INFOPLIST_FILE = "ceiba-testTests/Info.plist";
				IPHONEOS_DEPLOYMENT_TARGET = 13.2;
				LD_RUNPATH_SEARCH_PATHS = (
					"$(inherited)",
					"@executable_path/Frameworks",
					"@loader_path/Frameworks",
				);
				PRODUCT_BUNDLE_IDENTIFIER = "com.ceiba-testTests";
				PRODUCT_NAME = "$(TARGET_NAME)";
				SWIFT_VERSION = 5.0;
				TARGETED_DEVICE_FAMILY = "1,2";
				TEST_HOST = "$(BUILT_PRODUCTS_DIR)/ceiba-test.app/ceiba-test";
			};
			name = Debug;
		};
		490ECAD5244FFAD0003FE804 /* Release */ = {
			isa = XCBuildConfiguration;
			baseConfigurationReference = 647115965FC3FF9FBDA92D4F /* Pods-ceiba-testTests.release.xcconfig */;
			buildSettings = {
				ALWAYS_EMBED_SWIFT_STANDARD_LIBRARIES = "$(inherited)";
				BUNDLE_LOADER = "$(TEST_HOST)";
				CODE_SIGN_STYLE = Automatic;
				INFOPLIST_FILE = "ceiba-testTests/Info.plist";
				IPHONEOS_DEPLOYMENT_TARGET = 13.2;
				LD_RUNPATH_SEARCH_PATHS = (
					"$(inherited)",
					"@executable_path/Frameworks",
					"@loader_path/Frameworks",
				);
				PRODUCT_BUNDLE_IDENTIFIER = "com.ceiba-testTests";
				PRODUCT_NAME = "$(TARGET_NAME)";
				SWIFT_VERSION = 5.0;
				TARGETED_DEVICE_FAMILY = "1,2";
				TEST_HOST = "$(BUILT_PRODUCTS_DIR)/ceiba-test.app/ceiba-test";
			};
			name = Release;
		};
		490ECAD7244FFAD0003FE804 /* Debug */ = {
			isa = XCBuildConfiguration;
			baseConfigurationReference = 557135EA99ACB939EB29B5E2 /* Pods-ceiba-test-ceiba-testUITests.debug.xcconfig */;
			buildSettings = {
				ALWAYS_EMBED_SWIFT_STANDARD_LIBRARIES = "$(inherited)";
				CODE_SIGN_STYLE = Automatic;
				INFOPLIST_FILE = "ceiba-testUITests/Info.plist";
				LD_RUNPATH_SEARCH_PATHS = (
					"$(inherited)",
					"@executable_path/Frameworks",
					"@loader_path/Frameworks",
				);
				PRODUCT_BUNDLE_IDENTIFIER = "com.ceiba-testUITests";
				PRODUCT_NAME = "$(TARGET_NAME)";
				SWIFT_VERSION = 5.0;
				TARGETED_DEVICE_FAMILY = "1,2";
				TEST_TARGET_NAME = "ceiba-test";
			};
			name = Debug;
		};
		490ECAD8244FFAD0003FE804 /* Release */ = {
			isa = XCBuildConfiguration;
			baseConfigurationReference = 5E65D743C178EBD7C085A538 /* Pods-ceiba-test-ceiba-testUITests.release.xcconfig */;
			buildSettings = {
				ALWAYS_EMBED_SWIFT_STANDARD_LIBRARIES = "$(inherited)";
				CODE_SIGN_STYLE = Automatic;
				INFOPLIST_FILE = "ceiba-testUITests/Info.plist";
				LD_RUNPATH_SEARCH_PATHS = (
					"$(inherited)",
					"@executable_path/Frameworks",
					"@loader_path/Frameworks",
				);
				PRODUCT_BUNDLE_IDENTIFIER = "com.ceiba-testUITests";
				PRODUCT_NAME = "$(TARGET_NAME)";
				SWIFT_VERSION = 5.0;
				TARGETED_DEVICE_FAMILY = "1,2";
				TEST_TARGET_NAME = "ceiba-test";
			};
			name = Release;
		};
/* End XCBuildConfiguration section */

/* Begin XCConfigurationList section */
		490ECAA1244FFACB003FE804 /* Build configuration list for PBXProject "ceiba-test" */ = {
			isa = XCConfigurationList;
			buildConfigurations = (
				490ECACE244FFAD0003FE804 /* Debug */,
				490ECACF244FFAD0003FE804 /* Release */,
			);
			defaultConfigurationIsVisible = 0;
			defaultConfigurationName = Release;
		};
		490ECAD0244FFAD0003FE804 /* Build configuration list for PBXNativeTarget "ceiba-test" */ = {
			isa = XCConfigurationList;
			buildConfigurations = (
				490ECAD1244FFAD0003FE804 /* Debug */,
				490ECAD2244FFAD0003FE804 /* Release */,
			);
			defaultConfigurationIsVisible = 0;
			defaultConfigurationName = Release;
		};
		490ECAD3244FFAD0003FE804 /* Build configuration list for PBXNativeTarget "ceiba-testTests" */ = {
			isa = XCConfigurationList;
			buildConfigurations = (
				490ECAD4244FFAD0003FE804 /* Debug */,
				490ECAD5244FFAD0003FE804 /* Release */,
			);
			defaultConfigurationIsVisible = 0;
			defaultConfigurationName = Release;
		};
		490ECAD6244FFAD0003FE804 /* Build configuration list for PBXNativeTarget "ceiba-testUITests" */ = {
			isa = XCConfigurationList;
			buildConfigurations = (
				490ECAD7244FFAD0003FE804 /* Debug */,
				490ECAD8244FFAD0003FE804 /* Release */,
			);
			defaultConfigurationIsVisible = 0;
			defaultConfigurationName = Release;
		};
/* End XCConfigurationList section */
	};
	rootObject = 490ECA9E244FFACB003FE804 /* Project object */;
}
